apiVersion: vendir.k14s.io/v1alpha1
directories:
- contents:
  - git:
      commitTitle: 'chore: release v0.0.37...'
      sha: 49b2be8e26d6d34c9afaa21fa33108d2e82f8955
      tags:
      - v0.0.37
    path: local-path-provisioner
  path: vendor
- contents:
  - directory: {}
    path: .
  path: helm/local-path-provisioner
kind: LockConfig
