apiVersion: vendir.k14s.io/v1alpha1
directories:
- contents:
  - git:
      commitTitle: 'feat: allow specifying additional annotations on StorageClass...'
      sha: af49f3fdf69e2e5ad790d295b6005ba3767ec991
      tags:
      - v0.0.34
    path: local-path-provisioner
  path: vendor
- contents:
  - directory: {}
    path: .
  path: helm/local-path-provisioner
kind: LockConfig
