apiVersion: vendir.k14s.io/v1alpha1
directories:
- contents:
  - git:
      commitTitle: 'chore(release): bump to v0.0.35...'
      sha: d0d5dd11912a806b25dfa36250e9f931212581c8
      tags:
      - v0.0.35
    path: local-path-provisioner
  path: vendor
- contents:
  - directory: {}
    path: .
  path: helm/local-path-provisioner
kind: LockConfig
